
Microsoft Visual Studio Solution File, Format Version 12.00
# Visual Studio Version 17
VisualStudioVersion = 17.1.32407.343
MinimumVisualStudioVersion = 10.0.40219.1
Project("{FAE04EC0-301F-11D3-BF4B-00C04F79EFBC}") = "Prueba_Decompile", "Prueba_Decompile\Prueba_Decompile.csproj", "{45BE6BC8-C023-46D6-8A35-3677B272BC27}"
EndProject
Global
	GlobalSection(SolutionConfigurationPlatforms) = preSolution
		Debug|Any CPU = Debug|Any CPU
		Release|Any CPU = Release|Any CPU
	EndGlobalSection
	GlobalSection(ProjectConfigurationPlatforms) = postSolution
		{45BE6BC8-C023-46D6-8A35-3677B272BC27}.Debug|Any CPU.ActiveCfg = Debug|Any CPU
		{45BE6BC8-C023-46D6-8A35-3677B272BC27}.Debug|Any CPU.Build.0 = Debug|Any CPU
		{45BE6BC8-C023-46D6-8A35-3677B272BC27}.Release|Any CPU.ActiveCfg = Release|Any CPU
		{45BE6BC8-C023-46D6-8A35-3677B272BC27}.Release|Any CPU.Build.0 = Release|Any CPU
	EndGlobalSection
	GlobalSection(SolutionProperties) = preSolution
		HideSolutionNode = FALSE
	EndGlobalSection
	GlobalSection(ExtensibilityGlobals) = postSolution
		SolutionGuid = {CB1E154B-C090-47BD-A01D-7506B8CD1433}
	EndGlobalSection
EndGlobal
