
Microsoft Visual Studio Solution File, Format Version 12.00
# Visual Studio Version 17
VisualStudioVersion = 17.1.32319.34
MinimumVisualStudioVersion = 10.0.40219.1
Project("{FAE04EC0-301F-11D3-BF4B-00C04F79EFBC}") = "Primer_App_Winforms_Framework", "Primer_App_Winforms_Framework\Primer_App_Winforms_Framework.csproj", "{886F9ABC-9C44-4DCD-BF09-EC638A291334}"
EndProject
Global
	GlobalSection(SolutionConfigurationPlatforms) = preSolution
		Debug|Any CPU = Debug|Any CPU
		Release|Any CPU = Release|Any CPU
	EndGlobalSection
	GlobalSection(ProjectConfigurationPlatforms) = postSolution
		{886F9ABC-9C44-4DCD-BF09-EC638A291334}.Debug|Any CPU.ActiveCfg = Debug|Any CPU
		{886F9ABC-9C44-4DCD-BF09-EC638A291334}.Debug|Any CPU.Build.0 = Debug|Any CPU
		{886F9ABC-9C44-4DCD-BF09-EC638A291334}.Release|Any CPU.ActiveCfg = Release|Any CPU
		{886F9ABC-9C44-4DCD-BF09-EC638A291334}.Release|Any CPU.Build.0 = Release|Any CPU
	EndGlobalSection
	GlobalSection(SolutionProperties) = preSolution
		HideSolutionNode = FALSE
	EndGlobalSection
	GlobalSection(ExtensibilityGlobals) = postSolution
		SolutionGuid = {70040124-5324-4201-B9D9-DA6D20627330}
	EndGlobalSection
EndGlobal
